
Microsoft Visual Studio Solution File, Format Version 12.00
# Visual Studio Version 17
VisualStudioVersion = 17.6.33815.320
MinimumVisualStudioVersion = 10.0.40219.1
Project("{FAE04EC0-301F-11D3-BF4B-00C04F79EFBC}") = "ProdutosApp.Services", "ProdutosApp.Services\ProdutosApp.Services.csproj", "{DCED1ED3-5721-41D2-9D9E-D84294B01261}"
EndProject
Project("{2150E333-8FDC-42A3-9474-1A3956D46DE8}") = "1 - Services Layer", "1 - Services Layer", "{EC6A24FD-ACE2-4F71-932E-62AB9B7AE8C3}"
EndProject
Project("{2150E333-8FDC-42A3-9474-1A3956D46DE8}") = "2 - Data Acess Layer", "2 - Data Acess Layer", "{DBD88D52-674F-4B2C-9F1C-D1A493AFC646}"
EndProject
Project("{FAE04EC0-301F-11D3-BF4B-00C04F79EFBC}") = "ProdutosApp.Data", "ProdutosApp.Data\ProdutosApp.Data.csproj", "{E2B7A146-E5BC-400A-A74B-8E96218CBED2}"
EndProject
Global
	GlobalSection(SolutionConfigurationPlatforms) = preSolution
		Debug|Any CPU = Debug|Any CPU
		Release|Any CPU = Release|Any CPU
	EndGlobalSection
	GlobalSection(ProjectConfigurationPlatforms) = postSolution
		{DCED1ED3-5721-41D2-9D9E-D84294B01261}.Debug|Any CPU.ActiveCfg = Debug|Any CPU
		{DCED1ED3-5721-41D2-9D9E-D84294B01261}.Debug|Any CPU.Build.0 = Debug|Any CPU
		{DCED1ED3-5721-41D2-9D9E-D84294B01261}.Release|Any CPU.ActiveCfg = Release|Any CPU
		{DCED1ED3-5721-41D2-9D9E-D84294B01261}.Release|Any CPU.Build.0 = Release|Any CPU
		{E2B7A146-E5BC-400A-A74B-8E96218CBED2}.Debug|Any CPU.ActiveCfg = Debug|Any CPU
		{E2B7A146-E5BC-400A-A74B-8E96218CBED2}.Debug|Any CPU.Build.0 = Debug|Any CPU
		{E2B7A146-E5BC-400A-A74B-8E96218CBED2}.Release|Any CPU.ActiveCfg = Release|Any CPU
		{E2B7A146-E5BC-400A-A74B-8E96218CBED2}.Release|Any CPU.Build.0 = Release|Any CPU
	EndGlobalSection
	GlobalSection(SolutionProperties) = preSolution
		HideSolutionNode = FALSE
	EndGlobalSection
	GlobalSection(NestedProjects) = preSolution
		{DCED1ED3-5721-41D2-9D9E-D84294B01261} = {EC6A24FD-ACE2-4F71-932E-62AB9B7AE8C3}
		{E2B7A146-E5BC-400A-A74B-8E96218CBED2} = {DBD88D52-674F-4B2C-9F1C-D1A493AFC646}
	EndGlobalSection
	GlobalSection(ExtensibilityGlobals) = postSolution
		SolutionGuid = {D1AA8643-40D4-45F4-BCD0-0501AF615231}
	EndGlobalSection
EndGlobal
